
Microsoft Visual Studio Solution File, Format Version 12.00
# Visual Studio Version 17
VisualStudioVersion = 17.2.32630.192
MinimumVisualStudioVersion = 10.0.40219.1
Project("{FAE04EC0-301F-11D3-BF4B-00C04F79EFBC}") = "ENTITY FRAMEWORK", "ENTITY FRAMEWORK.csproj", "{A3B96CD6-C528-4254-A04B-F2131AA6BA3A}"
EndProject
Global
	GlobalSection(SolutionConfigurationPlatforms) = preSolution
		Debug|Any CPU = Debug|Any CPU
		Release|Any CPU = Release|Any CPU
	EndGlobalSection
	GlobalSection(ProjectConfigurationPlatforms) = postSolution
		{A3B96CD6-C528-4254-A04B-F2131AA6BA3A}.Debug|Any CPU.ActiveCfg = Debug|Any CPU
		{A3B96CD6-C528-4254-A04B-F2131AA6BA3A}.Debug|Any CPU.Build.0 = Debug|Any CPU
		{A3B96CD6-C528-4254-A04B-F2131AA6BA3A}.Release|Any CPU.ActiveCfg = Release|Any CPU
		{A3B96CD6-C528-4254-A04B-F2131AA6BA3A}.Release|Any CPU.Build.0 = Release|Any CPU
	EndGlobalSection
	GlobalSection(SolutionProperties) = preSolution
		HideSolutionNode = FALSE
	EndGlobalSection
	GlobalSection(ExtensibilityGlobals) = postSolution
		SolutionGuid = {8E8023EA-4A67-4C73-A1E4-F860681E9324}
	EndGlobalSection
EndGlobal
